// !$*UTF8*$!
{
	archiveVersion = 1;
	classes = {
	};
	objectVersion = 56;
	objects = {

/* Begin PBXBuildFile section */
		AA7FF9662B997FEB00112D64 /* NetworkingHelper.m in Sources */ = {isa = PBXBuildFile; fileRef = AA7FF9652B997FEB00112D64 /* NetworkingHelper.m */; };
		AA7FF96F2B99C6D200112D64 /* CollectionViewCustomLayout.m in Sources */ = {isa = PBXBuildFile; fileRef = AA7FF96E2B99C6D200112D64 /* CollectionViewCustomLayout.m */; };
		AA7FF9752B9AE8C100112D64 /* ImageCollectionViewCell.m in Sources */ = {isa = PBXBuildFile; fileRef = AA7FF9742B9AE8C100112D64 /* ImageCollectionViewCell.m */; };
		AAE2BC1A2B95B441004F291C /* AppDelegate.m in Sources */ = {isa = PBXBuildFile; fileRef = AAE2BC192B95B441004F291C /* AppDelegate.m */; };
		AAE2BC1D2B95B441004F291C /* SceneDelegate.m in Sources */ = {isa = PBXBuildFile; fileRef = AAE2BC1C2B95B441004F291C /* SceneDelegate.m */; };
		AAE2BC252B95B443004F291C /* Assets.xcassets in Resources */ = {isa = PBXBuildFile; fileRef = AAE2BC242B95B443004F291C /* Assets.xcassets */; };
		AAE2BC282B95B443004F291C /* LaunchScreen.storyboard in Resources */ = {isa = PBXBuildFile; fileRef = AAE2BC262B95B443004F291C /* LaunchScreen.storyboard */; };
		AAE2BC2B2B95B443004F291C /* main.m in Sources */ = {isa = PBXBuildFile; fileRef = AAE2BC2A2B95B443004F291C /* main.m */; };
		AAE2BC372B95C9B9004F291C /* ImagesCollectionViewController.m in Sources */ = {isa = PBXBuildFile; fileRef = AAE2BC362B95C9B9004F291C /* ImagesCollectionViewController.m */; };
		AAE2BC3A2B95CEB7004F291C /* RootNavigationController.m in Sources */ = {isa = PBXBuildFile; fileRef = AAE2BC392B95CEB7004F291C /* RootNavigationController.m */; };
		AAE2BC472B9704E9004F291C /* ImagesLinksStubSource.m in Sources */ = {isa = PBXBuildFile; fileRef = AAE2BC462B9704E9004F291C /* ImagesLinksStubSource.m */; };
/* End PBXBuildFile section */

/* Begin PBXFileReference section */
		AA7FF9632B99618300112D64 /* ImagesLinksSource.h */ = {isa = PBXFileReference; lastKnownFileType = sourcecode.c.h; name = ImagesLinksSource.h; path = ../../../../ImagesLinksSource.h; sourceTree = "<group>"; };
		AA7FF9642B997FEB00112D64 /* NetworkingHelper.h */ = {isa = PBXFileReference; lastKnownFileType = sourcecode.c.h; path = NetworkingHelper.h; sourceTree = "<group>"; };
		AA7FF9652B997FEB00112D64 /* NetworkingHelper.m */ = {isa = PBXFileReference; lastKnownFileType = sourcecode.c.objc; path = NetworkingHelper.m; sourceTree = "<group>"; };
		AA7FF96B2B99916700112D64 /* Typedefs.h */ = {isa = PBXFileReference; lastKnownFileType = sourcecode.c.h; name = Typedefs.h; path = ../../../../Typedefs.h; sourceTree = "<group>"; };
		AA7FF96D2B99C6D200112D64 /* CollectionViewCustomLayout.h */ = {isa = PBXFileReference; lastKnownFileType = sourcecode.c.h; path = CollectionViewCustomLayout.h; sourceTree = "<group>"; };
		AA7FF96E2B99C6D200112D64 /* CollectionViewCustomLayout.m */ = {isa = PBXFileReference; lastKnownFileType = sourcecode.c.objc; path = CollectionViewCustomLayout.m; sourceTree = "<group>"; };
		AA7FF9732B9AE8C100112D64 /* ImageCollectionViewCell.h */ = {isa = PBXFileReference; lastKnownFileType = sourcecode.c.h; path = ImageCollectionViewCell.h; sourceTree = "<group>"; };
		AA7FF9742B9AE8C100112D64 /* ImageCollectionViewCell.m */ = {isa = PBXFileReference; lastKnownFileType = sourcecode.c.objc; path = ImageCollectionViewCell.m; sourceTree = "<group>"; };
		AAE2BC152B95B441004F291C /* DromEvaluation.app */ = {isa = PBXFileReference; explicitFileType = wrapper.application; includeInIndex = 0; path = DromEvaluation.app; sourceTree = BUILT_PRODUCTS_DIR; };
		AAE2BC182B95B441004F291C /* AppDelegate.h */ = {isa = PBXFileReference; lastKnownFileType = sourcecode.c.h; path = AppDelegate.h; sourceTree = "<group>"; };
		AAE2BC192B95B441004F291C /* AppDelegate.m */ = {isa = PBXFileReference; lastKnownFileType = sourcecode.c.objc; path = AppDelegate.m; sourceTree = "<group>"; };
		AAE2BC1B2B95B441004F291C /* SceneDelegate.h */ = {isa = PBXFileReference; lastKnownFileType = sourcecode.c.h; path = SceneDelegate.h; sourceTree = "<group>"; };
		AAE2BC1C2B95B441004F291C /* SceneDelegate.m */ = {isa = PBXFileReference; lastKnownFileType = sourcecode.c.objc; path = SceneDelegate.m; sourceTree = "<group>"; };
		AAE2BC242B95B443004F291C /* Assets.xcassets */ = {isa = PBXFileReference; lastKnownFileType = folder.assetcatalog; path = Assets.xcassets; sourceTree = "<group>"; };
		AAE2BC272B95B443004F291C /* Base */ = {isa = PBXFileReference; lastKnownFileType = file.storyboard; name = Base; path = Base.lproj/LaunchScreen.storyboard; sourceTree = "<group>"; };
		AAE2BC292B95B443004F291C /* Info.plist */ = {isa = PBXFileReference; lastKnownFileType = text.plist.xml; path = Info.plist; sourceTree = "<group>"; };
		AAE2BC2A2B95B443004F291C /* main.m */ = {isa = PBXFileReference; lastKnownFileType = sourcecode.c.objc; path = main.m; sourceTree = "<group>"; };
		AAE2BC352B95C9B9004F291C /* ImagesCollectionViewController.h */ = {isa = PBXFileReference; lastKnownFileType = sourcecode.c.h; path = ImagesCollectionViewController.h; sourceTree = "<group>"; };
		AAE2BC362B95C9B9004F291C /* ImagesCollectionViewController.m */ = {isa = PBXFileReference; lastKnownFileType = sourcecode.c.objc; path = ImagesCollectionViewController.m; sourceTree = "<group>"; };
		AAE2BC382B95CEB7004F291C /* RootNavigationController.h */ = {isa = PBXFileReference; lastKnownFileType = sourcecode.c.h; path = RootNavigationController.h; sourceTree = "<group>"; };
		AAE2BC392B95CEB7004F291C /* RootNavigationController.m */ = {isa = PBXFileReference; lastKnownFileType = sourcecode.c.objc; path = RootNavigationController.m; sourceTree = "<group>"; };
		AAE2BC452B9704E9004F291C /* ImagesLinksStubSource.h */ = {isa = PBXFileReference; lastKnownFileType = sourcecode.c.h; path = ImagesLinksStubSource.h; sourceTree = "<group>"; };
		AAE2BC462B9704E9004F291C /* ImagesLinksStubSource.m */ = {isa = PBXFileReference; lastKnownFileType = sourcecode.c.objc; path = ImagesLinksStubSource.m; sourceTree = "<group>"; };
/* End PBXFileReference section */

/* Begin PBXFrameworksBuildPhase section */
		AAE2BC122B95B441004F291C /* Frameworks */ = {
			isa = PBXFrameworksBuildPhase;
			buildActionMask = 2147483647;
			files = (
			);
			runOnlyForDeploymentPostprocessing = 0;
		};
/* End PBXFrameworksBuildPhase section */

/* Begin PBXGroup section */
		AA7FF95F2B98C84100112D64 /* Aux */ = {
			isa = PBXGroup;
			children = (
				AA7FF96C2B9995AE00112D64 /* Networking */,
				AA7FF96B2B99916700112D64 /* Typedefs.h */,
			);
			path = Aux;
			sourceTree = "<group>";
		};
		AA7FF9672B99816E00112D64 /* View */ = {
			isa = PBXGroup;
			children = (
				AA7FF96D2B99C6D200112D64 /* CollectionViewCustomLayout.h */,
				AA7FF96E2B99C6D200112D64 /* CollectionViewCustomLayout.m */,
				AA7FF9732B9AE8C100112D64 /* ImageCollectionViewCell.h */,
				AA7FF9742B9AE8C100112D64 /* ImageCollectionViewCell.m */,
			);
			path = View;
			sourceTree = "<group>";
		};
		AA7FF96C2B9995AE00112D64 /* Networking */ = {
			isa = PBXGroup;
			children = (
				AA7FF9642B997FEB00112D64 /* NetworkingHelper.h */,
				AA7FF9652B997FEB00112D64 /* NetworkingHelper.m */,
			);
			path = Networking;
			sourceTree = "<group>";
		};
		AAE2BC0C2B95B441004F291C = {
			isa = PBXGroup;
			children = (
				AAE2BC172B95B441004F291C /* DromEvaluation */,
				AAE2BC162B95B441004F291C /* Products */,
			);
			sourceTree = "<group>";
		};
		AAE2BC162B95B441004F291C /* Products */ = {
			isa = PBXGroup;
			children = (
				AAE2BC152B95B441004F291C /* DromEvaluation.app */,
			);
			name = Products;
			sourceTree = "<group>";
		};
		AAE2BC172B95B441004F291C /* DromEvaluation */ = {
			isa = PBXGroup;
			children = (
				AA7FF9672B99816E00112D64 /* View */,
				AA7FF95F2B98C84100112D64 /* Aux */,
				AAE2BC3E2B961779004F291C /* Model */,
				AAE2BC312B95C4F4004F291C /* ViewControllers */,
				AAE2BC182B95B441004F291C /* AppDelegate.h */,
				AAE2BC192B95B441004F291C /* AppDelegate.m */,
				AAE2BC1B2B95B441004F291C /* SceneDelegate.h */,
				AAE2BC1C2B95B441004F291C /* SceneDelegate.m */,
				AAE2BC242B95B443004F291C /* Assets.xcassets */,
				AAE2BC262B95B443004F291C /* LaunchScreen.storyboard */,
				AAE2BC292B95B443004F291C /* Info.plist */,
				AAE2BC2A2B95B443004F291C /* main.m */,
			);
			path = DromEvaluation;
			sourceTree = "<group>";
		};
		AAE2BC312B95C4F4004F291C /* ViewControllers */ = {
			isa = PBXGroup;
			children = (
				AAE2BC352B95C9B9004F291C /* ImagesCollectionViewController.h */,
				AAE2BC362B95C9B9004F291C /* ImagesCollectionViewController.m */,
				AAE2BC382B95CEB7004F291C /* RootNavigationController.h */,
				AAE2BC392B95CEB7004F291C /* RootNavigationController.m */,
			);
			path = ViewControllers;
			sourceTree = "<group>";
		};
		AAE2BC3E2B961779004F291C /* Model */ = {
			isa = PBXGroup;
			children = (
				AAE2BC452B9704E9004F291C /* ImagesLinksStubSource.h */,
				AAE2BC462B9704E9004F291C /* ImagesLinksStubSource.m */,
				AA7FF9632B99618300112D64 /* ImagesLinksSource.h */,
			);
			path = Model;
			sourceTree = "<group>";
		};
/* End PBXGroup section */

/* Begin PBXNativeTarget section */
		AAE2BC142B95B441004F291C /* DromEvaluation */ = {
			isa = PBXNativeTarget;
			buildConfigurationList = AAE2BC2E2B95B443004F291C /* Build configuration list for PBXNativeTarget "DromEvaluation" */;
			buildPhases = (
				AAE2BC112B95B441004F291C /* Sources */,
				AAE2BC122B95B441004F291C /* Frameworks */,
				AAE2BC132B95B441004F291C /* Resources */,
			);
			buildRules = (
			);
			dependencies = (
			);
			name = DromEvaluation;
			productName = DromEvaluation;
			productReference = AAE2BC152B95B441004F291C /* DromEvaluation.app */;
			productType = "com.apple.product-type.application";
		};
/* End PBXNativeTarget section */

/* Begin PBXProject section */
		AAE2BC0D2B95B441004F291C /* Project object */ = {
			isa = PBXProject;
			attributes = {
				BuildIndependentTargetsInParallel = 1;
				LastUpgradeCheck = 1520;
				TargetAttributes = {
					AAE2BC142B95B441004F291C = {
						CreatedOnToolsVersion = 15.2;
					};
				};
			};
			buildConfigurationList = AAE2BC102B95B441004F291C /* Build configuration list for PBXProject "DromEvaluation" */;
			compatibilityVersion = "Xcode 14.0";
			developmentRegion = en;
			hasScannedForEncodings = 0;
			knownRegions = (
				en,
				Base,
			);
			mainGroup = AAE2BC0C2B95B441004F291C;
			productRefGroup = AAE2BC162B95B441004F291C /* Products */;
			projectDirPath = "";
			projectRoot = "";
			targets = (
				AAE2BC142B95B441004F291C /* DromEvaluation */,
			);
		};
/* End PBXProject section */

/* Begin PBXResourcesBuildPhase section */
		AAE2BC132B95B441004F291C /* Resources */ = {
			isa = PBXResourcesBuildPhase;
			buildActionMask = 2147483647;
			files = (
				AAE2BC282B95B443004F291C /* LaunchScreen.storyboard in Resources */,
				AAE2BC252B95B443004F291C /* Assets.xcassets in Resources */,
			);
			runOnlyForDeploymentPostprocessing = 0;
		};
/* End PBXResourcesBuildPhase section */

/* Begin PBXSourcesBuildPhase section */
		AAE2BC112B95B441004F291C /* Sources */ = {
			isa = PBXSourcesBuildPhase;
			buildActionMask = 2147483647;
			files = (
				AA7FF9662B997FEB00112D64 /* NetworkingHelper.m in Sources */,
				AAE2BC472B9704E9004F291C /* ImagesLinksStubSource.m in Sources */,
				AAE2BC1A2B95B441004F291C /* AppDelegate.m in Sources */,
				AAE2BC372B95C9B9004F291C /* ImagesCollectionViewController.m in Sources */,
				AA7FF9752B9AE8C100112D64 /* ImageCollectionViewCell.m in Sources */,
				AAE2BC2B2B95B443004F291C /* main.m in Sources */,
				AAE2BC3A2B95CEB7004F291C /* RootNavigationController.m in Sources */,
				AAE2BC1D2B95B441004F291C /* SceneDelegate.m in Sources */,
				AA7FF96F2B99C6D200112D64 /* CollectionViewCustomLayout.m in Sources */,
			);
			runOnlyForDeploymentPostprocessing = 0;
		};
/* End PBXSourcesBuildPhase section */

/* Begin PBXVariantGroup section */
		AAE2BC262B95B443004F291C /* LaunchScreen.storyboard */ = {
			isa = PBXVariantGroup;
			children = (
				AAE2BC272B95B443004F291C /* Base */,
			);
			name = LaunchScreen.storyboard;
			sourceTree = "<group>";
		};
/* End PBXVariantGroup section */

/* Begin XCBuildConfiguration section */
		AAE2BC2C2B95B443004F291C /* Debug */ = {
			isa = XCBuildConfiguration;
			buildSettings = {
				ALWAYS_SEARCH_USER_PATHS = NO;
				ASSETCATALOG_COMPILER_GENERATE_SWIFT_ASSET_SYMBOL_EXTENSIONS = YES;
				CLANG_ANALYZER_NONNULL = YES;
				CLANG_ANALYZER_NUMBER_OBJECT_CONVERSION = YES_AGGRESSIVE;
				CLANG_CXX_LANGUAGE_STANDARD = "gnu++20";
				CLANG_ENABLE_MODULES = YES;
				CLANG_ENABLE_OBJC_ARC = YES;
				CLANG_ENABLE_OBJC_WEAK = YES;
				CLANG_WARN_BLOCK_CAPTURE_AUTORELEASING = YES;
				CLANG_WARN_BOOL_CONVERSION = YES;
				CLANG_WARN_COMMA = YES;
				CLANG_WARN_CONSTANT_CONVERSION = YES;
				CLANG_WARN_DEPRECATED_OBJC_IMPLEMENTATIONS = YES;
				CLANG_WARN_DIRECT_OBJC_ISA_USAGE = YES_ERROR;
				CLANG_WARN_DOCUMENTATION_COMMENTS = YES;
				CLANG_WARN_EMPTY_BODY = YES;
				CLANG_WARN_ENUM_CONVERSION = YES;
				CLANG_WARN_INFINITE_RECURSION = YES;
				CLANG_WARN_INT_CONVERSION = YES;
				CLANG_WARN_NON_LITERAL_NULL_CONVERSION = YES;
				CLANG_WARN_OBJC_IMPLICIT_RETAIN_SELF = YES;
				CLANG_WARN_OBJC_LITERAL_CONVERSION = YES;
				CLANG_WARN_OBJC_ROOT_CLASS = YES_ERROR;
				CLANG_WARN_QUOTED_INCLUDE_IN_FRAMEWORK_HEADER = YES;
				CLANG_WARN_RANGE_LOOP_ANALYSIS = YES;
				CLANG_WARN_STRICT_PROTOTYPES = YES;
				CLANG_WARN_SUSPICIOUS_MOVE = YES;
				CLANG_WARN_UNGUARDED_AVAILABILITY = YES_AGGRESSIVE;
				CLANG_WARN_UNREACHABLE_CODE = YES;
				CLANG_WARN__DUPLICATE_METHOD_MATCH = YES;
				COPY_PHASE_STRIP = NO;
				DEBUG_INFORMATION_FORMAT = dwarf;
				ENABLE_STRICT_OBJC_MSGSEND = YES;
				ENABLE_TESTABILITY = YES;
				ENABLE_USER_SCRIPT_SANDBOXING = YES;
				GCC_C_LANGUAGE_STANDARD = gnu17;
				GCC_DYNAMIC_NO_PIC = NO;
				GCC_NO_COMMON_BLOCKS = YES;
				GCC_OPTIMIZATION_LEVEL = 0;
				GCC_PREPROCESSOR_DEFINITIONS = (
					"DEBUG=1",
					"$(inherited)",
				);
				GCC_WARN_64_TO_32_BIT_CONVERSION = YES;
				GCC_WARN_ABOUT_RETURN_TYPE = YES_ERROR;
				GCC_WARN_UNDECLARED_SELECTOR = YES;
				GCC_WARN_UNINITIALIZED_AUTOS = YES_AGGRESSIVE;
				GCC_WARN_UNUSED_FUNCTION = YES;
				GCC_WARN_UNUSED_VARIABLE = YES;
				IPHONEOS_DEPLOYMENT_TARGET = 17.2;
				LOCALIZATION_PREFERS_STRING_CATALOGS = YES;
				MTL_ENABLE_DEBUG_INFO = INCLUDE_SOURCE;
				MTL_FAST_MATH = YES;
				ONLY_ACTIVE_ARCH = YES;
				SDKROOT = iphoneos;
			};
			name = Debug;
		};
		AAE2BC2D2B95B443004F291C /* Release */ = {
			isa = XCBuildConfiguration;
			buildSettings = {
				ALWAYS_SEARCH_USER_PATHS = NO;
				ASSETCATALOG_COMPILER_GENERATE_SWIFT_ASSET_SYMBOL_EXTENSIONS = YES;
				CLANG_ANALYZER_NONNULL = YES;
				CLANG_ANALYZER_NUMBER_OBJECT_CONVERSION = YES_AGGRESSIVE;
				CLANG_CXX_LANGUAGE_STANDARD = "gnu++20";
				CLANG_ENABLE_MODULES = YES;
				CLANG_ENABLE_OBJC_ARC = YES;
				CLANG_ENABLE_OBJC_WEAK = YES;
				CLANG_WARN_BLOCK_CAPTURE_AUTORELEASING = YES;
				CLANG_WARN_BOOL_CONVERSION = YES;
				CLANG_WARN_COMMA = YES;
				CLANG_WARN_CONSTANT_CONVERSION = YES;
				CLANG_WARN_DEPRECATED_OBJC_IMPLEMENTATIONS = YES;
				CLANG_WARN_DIRECT_OBJC_ISA_USAGE = YES_ERROR;
				CLANG_WARN_DOCUMENTATION_COMMENTS = YES;
				CLANG_WARN_EMPTY_BODY = YES;
				CLANG_WARN_ENUM_CONVERSION = YES;
				CLANG_WARN_INFINITE_RECURSION = YES;
				CLANG_WARN_INT_CONVERSION = YES;
				CLANG_WARN_NON_LITERAL_NULL_CONVERSION = YES;
				CLANG_WARN_OBJC_IMPLICIT_RETAIN_SELF = YES;
				CLANG_WARN_OBJC_LITERAL_CONVERSION = YES;
				CLANG_WARN_OBJC_ROOT_CLASS = YES_ERROR;
				CLANG_WARN_QUOTED_INCLUDE_IN_FRAMEWORK_HEADER = YES;
				CLANG_WARN_RANGE_LOOP_ANALYSIS = YES;
				CLANG_WARN_STRICT_PROTOTYPES = YES;
				CLANG_WARN_SUSPICIOUS_MOVE = YES;
				CLANG_WARN_UNGUARDED_AVAILABILITY = YES_AGGRESSIVE;
				CLANG_WARN_UNREACHABLE_CODE = YES;
				CLANG_WARN__DUPLICATE_METHOD_MATCH = YES;
				COPY_PHASE_STRIP = NO;
				DEBUG_INFORMATION_FORMAT = "dwarf-with-dsym";
				ENABLE_NS_ASSERTIONS = NO;
				ENABLE_STRICT_OBJC_MSGSEND = YES;
				ENABLE_USER_SCRIPT_SANDBOXING = YES;
				GCC_C_LANGUAGE_STANDARD = gnu17;
				GCC_NO_COMMON_BLOCKS = YES;
				GCC_WARN_64_TO_32_BIT_CONVERSION = YES;
				GCC_WARN_ABOUT_RETURN_TYPE = YES_ERROR;
				GCC_WARN_UNDECLARED_SELECTOR = YES;
				GCC_WARN_UNINITIALIZED_AUTOS = YES_AGGRESSIVE;
				GCC_WARN_UNUSED_FUNCTION = YES;
				GCC_WARN_UNUSED_VARIABLE = YES;
				IPHONEOS_DEPLOYMENT_TARGET = 17.2;
				LOCALIZATION_PREFERS_STRING_CATALOGS = YES;
				MTL_ENABLE_DEBUG_INFO = NO;
				MTL_FAST_MATH = YES;
				SDKROOT = iphoneos;
				VALIDATE_PRODUCT = YES;
			};
			name = Release;
		};
		AAE2BC2F2B95B443004F291C /* Debug */ = {
			isa = XCBuildConfiguration;
			buildSettings = {
				ASSETCATALOG_COMPILER_APPICON_NAME = AppIcon;
				ASSETCATALOG_COMPILER_GLOBAL_ACCENT_COLOR_NAME = AccentColor;
				CODE_SIGN_STYLE = Automatic;
				CURRENT_PROJECT_VERSION = 1;
				DEVELOPMENT_TEAM = A9B29N7D5B;
				GENERATE_INFOPLIST_FILE = YES;
				INFOPLIST_FILE = DromEvaluation/Info.plist;
				INFOPLIST_KEY_UIApplicationSupportsIndirectInputEvents = YES;
				INFOPLIST_KEY_UILaunchStoryboardName = LaunchScreen;
				INFOPLIST_KEY_UISupportedInterfaceOrientations_iPad = "UIInterfaceOrientationPortrait UIInterfaceOrientationPortraitUpsideDown UIInterfaceOrientationLandscapeLeft UIInterfaceOrientationLandscapeRight";
				INFOPLIST_KEY_UISupportedInterfaceOrientations_iPhone = "UIInterfaceOrientationPortrait UIInterfaceOrientationLandscapeLeft UIInterfaceOrientationLandscapeRight";
				LD_RUNPATH_SEARCH_PATHS = (
					"$(inherited)",
					"@executable_path/Frameworks",
				);
				MARKETING_VERSION = 1.0;
				PRODUCT_BUNDLE_IDENTIFIER = pcherevach.DromEvaluation;
				PRODUCT_NAME = "$(TARGET_NAME)";
				SWIFT_EMIT_LOC_STRINGS = YES;
				TARGETED_DEVICE_FAMILY = "1,2";
				TVOS_DEPLOYMENT_TARGET = 17.4;
			};
			name = Debug;
		};
		AAE2BC302B95B443004F291C /* Release */ = {
			isa = XCBuildConfiguration;
			buildSettings = {
				ASSETCATALOG_COMPILER_APPICON_NAME = AppIcon;
				ASSETCATALOG_COMPILER_GLOBAL_ACCENT_COLOR_NAME = AccentColor;
				CODE_SIGN_STYLE = Automatic;
				CURRENT_PROJECT_VERSION = 1;
				DEVELOPMENT_TEAM = A9B29N7D5B;
				GENERATE_INFOPLIST_FILE = YES;
				INFOPLIST_FILE = DromEvaluation/Info.plist;
				INFOPLIST_KEY_UIApplicationSupportsIndirectInputEvents = YES;
				INFOPLIST_KEY_UILaunchStoryboardName = LaunchScreen;
				INFOPLIST_KEY_UISupportedInterfaceOrientations_iPad = "UIInterfaceOrientationPortrait UIInterfaceOrientationPortraitUpsideDown UIInterfaceOrientationLandscapeLeft UIInterfaceOrientationLandscapeRight";
				INFOPLIST_KEY_UISupportedInterfaceOrientations_iPhone = "UIInterfaceOrientationPortrait UIInterfaceOrientationLandscapeLeft UIInterfaceOrientationLandscapeRight";
				LD_RUNPATH_SEARCH_PATHS = (
					"$(inherited)",
					"@executable_path/Frameworks",
				);
				MARKETING_VERSION = 1.0;
				PRODUCT_BUNDLE_IDENTIFIER = pcherevach.DromEvaluation;
				PRODUCT_NAME = "$(TARGET_NAME)";
				SWIFT_EMIT_LOC_STRINGS = YES;
				TARGETED_DEVICE_FAMILY = "1,2";
				TVOS_DEPLOYMENT_TARGET = 17.4;
			};
			name = Release;
		};
/* End XCBuildConfiguration section */

/* Begin XCConfigurationList section */
		AAE2BC102B95B441004F291C /* Build configuration list for PBXProject "DromEvaluation" */ = {
			isa = XCConfigurationList;
			buildConfigurations = (
				AAE2BC2C2B95B443004F291C /* Debug */,
				AAE2BC2D2B95B443004F291C /* Release */,
			);
			defaultConfigurationIsVisible = 0;
			defaultConfigurationName = Release;
		};
		AAE2BC2E2B95B443004F291C /* Build configuration list for PBXNativeTarget "DromEvaluation" */ = {
			isa = XCConfigurationList;
			buildConfigurations = (
				AAE2BC2F2B95B443004F291C /* Debug */,
				AAE2BC302B95B443004F291C /* Release */,
			);
			defaultConfigurationIsVisible = 0;
			defaultConfigurationName = Release;
		};
/* End XCConfigurationList section */
	};
	rootObject = AAE2BC0D2B95B441004F291C /* Project object */;
}
